
Microsoft Visual Studio Solution File, Format Version 12.00
Project("{FAE04EC0-301F-11D3-BF4B-00C04F79EFBC}") = "VGame.CL", "VGame.CL.csproj", "{AC97D783-36E5-41E7-B316-BB766EF91771}"
EndProject
Global
	GlobalSection(SolutionConfigurationPlatforms) = preSolution
		Debug|Any CPU = Debug|Any CPU
		Release|Any CPU = Release|Any CPU
	EndGlobalSection
	GlobalSection(ProjectConfigurationPlatforms) = postSolution
		{AC97D783-36E5-41E7-B316-BB766EF91771}.Debug|Any CPU.ActiveCfg = Debug|Any CPU
		{AC97D783-36E5-41E7-B316-BB766EF91771}.Debug|Any CPU.Build.0 = Debug|Any CPU
		{AC97D783-36E5-41E7-B316-BB766EF91771}.Release|Any CPU.ActiveCfg = Release|Any CPU
		{AC97D783-36E5-41E7-B316-BB766EF91771}.Release|Any CPU.Build.0 = Release|Any CPU
	EndGlobalSection
EndGlobal
