
Microsoft Visual Studio Solution File, Format Version 12.00
Project("{FAE04EC0-301F-11D3-BF4B-00C04F79EFBC}") = "VGame.CL", "VGame.CL\VGame.CL.csproj", "{699CEB1D-269D-422F-BDAC-4747C6E9BC41}"
EndProject
Project("{FAE04EC0-301F-11D3-BF4B-00C04F79EFBC}") = "VGame.WebAPI", "VGame.WebAPI\VGame.WebAPI.csproj", "{BE609EEB-3200-478A-A523-52E6565B0A3F}"
EndProject
Global
	GlobalSection(SolutionConfigurationPlatforms) = preSolution
		Debug|Any CPU = Debug|Any CPU
		Release|Any CPU = Release|Any CPU
	EndGlobalSection
	GlobalSection(ProjectConfigurationPlatforms) = postSolution
		{699CEB1D-269D-422F-BDAC-4747C6E9BC41}.Debug|Any CPU.ActiveCfg = Debug|Any CPU
		{699CEB1D-269D-422F-BDAC-4747C6E9BC41}.Debug|Any CPU.Build.0 = Debug|Any CPU
		{699CEB1D-269D-422F-BDAC-4747C6E9BC41}.Release|Any CPU.ActiveCfg = Release|Any CPU
		{699CEB1D-269D-422F-BDAC-4747C6E9BC41}.Release|Any CPU.Build.0 = Release|Any CPU
		{BE609EEB-3200-478A-A523-52E6565B0A3F}.Debug|Any CPU.ActiveCfg = Debug|Any CPU
		{BE609EEB-3200-478A-A523-52E6565B0A3F}.Debug|Any CPU.Build.0 = Debug|Any CPU
		{BE609EEB-3200-478A-A523-52E6565B0A3F}.Release|Any CPU.ActiveCfg = Release|Any CPU
		{BE609EEB-3200-478A-A523-52E6565B0A3F}.Release|Any CPU.Build.0 = Release|Any CPU
	EndGlobalSection
EndGlobal
